
Microsoft Visual Studio Solution File, Format Version 12.00
# Visual Studio Version 17
VisualStudioVersion = 17.4.33213.308
MinimumVisualStudioVersion = 10.0.40219.1
Project("{FAE04EC0-301F-11D3-BF4B-00C04F79EFBC}") = "kularaki", "kularaki\kularaki.csproj", "{5988D965-DF79-48DA-8F82-38818D2B836E}"
EndProject
Global
	GlobalSection(SolutionConfigurationPlatforms) = preSolution
		Debug|Any CPU = Debug|Any CPU
		Release|Any CPU = Release|Any CPU
	EndGlobalSection
	GlobalSection(ProjectConfigurationPlatforms) = postSolution
		{5988D965-DF79-48DA-8F82-38818D2B836E}.Debug|Any CPU.ActiveCfg = Debug|Any CPU
		{5988D965-DF79-48DA-8F82-38818D2B836E}.Debug|Any CPU.Build.0 = Debug|Any CPU
		{5988D965-DF79-48DA-8F82-38818D2B836E}.Release|Any CPU.ActiveCfg = Release|Any CPU
		{5988D965-DF79-48DA-8F82-38818D2B836E}.Release|Any CPU.Build.0 = Release|Any CPU
	EndGlobalSection
	GlobalSection(SolutionProperties) = preSolution
		HideSolutionNode = FALSE
	EndGlobalSection
	GlobalSection(ExtensibilityGlobals) = postSolution
		SolutionGuid = {EF1C6DCB-47E6-4BBB-B64C-A85B31245C3D}
	EndGlobalSection
EndGlobal
